<?xml version="1.0" encoding="utf-8"?>
<Project ToolsVersion="4.0" xmlns="http://schemas.microsoft.com/developer/msbuild/2003">
  <ItemGroup>
    <Filter Include="Generated Files">
      <UniqueIdentifier>{d992f401-04ec-431c-b0b8-88fc1612abfc}</UniqueIdentifier>
    </Filter>
    <Filter Include="Source Files">
      <UniqueIdentifier>{69381c26-b0c6-4b07-b3cc-876a4aefb527}</UniqueIdentifier>
      <Extensions>cpp;c;edl;def; .. and other options</Extensions>
    </Filter>
    <Filter Include="Header Files">
      <UniqueIdentifier>{9b3f79d7-fa56-4927-aeef-f1b66fd1332f}</UniqueIdentifier>
      <Extensions>h;hpp; .. and other options</Extensions>
    </Filter>
    <Filter Include="Resource Files">
      <UniqueIdentifier>{fcafec3a-153e-4c07-bccf-e26420d07650}</UniqueIdentifier>
      <Extensions>rc;xml;pem; .. and other options</Extensions>
    </Filter>
  </ItemGroup>
  <ItemGroup>
    <ClCompile Include="E_Crypto.cpp">
      <Filter>Source Files</Filter>
    </ClCompile>
    <ClCompile Include="E_DRNG.cpp">
      <Filter>Source Files</Filter>
    </ClCompile>
    <ClCompile Include="E_Vault.cpp">
      <Filter>Source Files</Filter>
    </ClCompile>
    <ClCompile Include="E_Pack.cpp">
      <Filter>Source Files</Filter>
    </ClCompile>
    <ClCompile Include="Enclave.cpp">
      <Filter>Source Files</Filter>
    </ClCompile>
    <ClCompile Include="Enclave_t.c">
      <Filter>Generated Files</Filter>
    </ClCompile>
  </ItemGroup>
  <ItemGroup>
    <ClInclude Include="E_Crypto.h">
      <Filter>Header Files</Filter>
    </ClInclude>
    <ClInclude Include="E_DRNG.h">
      <Filter>Header Files</Filter>
    </ClInclude>
    <ClInclude Include="..\PasswordManagerCore\PasswordManagerError.h">
      <Filter>Header Files</Filter>
    </ClInclude>
    <ClInclude Include="E_Vault.h">
      <Filter>Header Files</Filter>
    </ClInclude>
    <ClInclude Include="E_Pack.h">
      <Filter>Header Files</Filter>
    </ClInclude>
    <ClInclude Include="..\PasswordManagerCore\common.h">
      <Filter>Header Files</Filter>
    </ClInclude>
    <ClInclude Include="Enclave.h">
      <Filter>Header Files</Filter>
    </ClInclude>
    <ClInclude Include="Enclave_t.h">
      <Filter>Generated Files</Filter>
    </ClInclude>
  </ItemGroup>
  <ItemGroup>
    <None Include="Enclave_private.pem">
      <Filter>Resource Files</Filter>
    </None>
  </ItemGroup>
  <ItemGroup>
    <Xml Include="Enclave.config.xml">
      <Filter>Resource Files</Filter>
    </Xml>
  </ItemGroup>
  <ItemGroup>
    <Text Include="ReadMe.txt" />
  </ItemGroup>
  <ItemGroup>
    <CustomBuild Include="Enclave.edl">
      <Filter>Source Files</Filter>
    </CustomBuild>
  </ItemGroup>
</Project>